
Microsoft Visual Studio Solution File, Format Version 12.00
# Visual Studio Version 17
VisualStudioVersion = 17.4.33205.214
MinimumVisualStudioVersion = 10.0.40219.1
Project("{9A19103F-16F7-4668-BE54-9A1E7A4F7556}") = "MvcRouteTester.AspNetCore", "MvcRouteTester.AspNetCore\MvcRouteTester.AspNetCore.csproj", "{BCC4AD19-747B-47AF-8265-75F29509DE88}"
EndProject
Project("{9A19103F-16F7-4668-BE54-9A1E7A4F7556}") = "MvcRouteTester.AspNetCore.Tests", "MvcRouteTester.AspNetCore.Tests\MvcRouteTester.AspNetCore.Tests.csproj", "{6286DFAF-A8E0-4DAE-93A8-0E75524A32E7}"
EndProject
Project("{2150E333-8FDC-42A3-9474-1A3956D46DE8}") = "Solution Items", "Solution Items", "{D021D080-6D1A-481C-820D-E767D07CE760}"
	ProjectSection(SolutionItems) = preProject
		.editorconfig = .editorconfig
		stylecop.json = stylecop.json
	EndProjectSection
EndProject
Project("{FAE04EC0-301F-11D3-BF4B-00C04F79EFBC}") = "TestApplication", "TestApplication\TestApplication.csproj", "{8B890A65-4436-449D-A9C8-F0FEFA0D8102}"
EndProject
Global
	GlobalSection(SolutionConfigurationPlatforms) = preSolution
		Debug|Any CPU = Debug|Any CPU
		Release|Any CPU = Release|Any CPU
	EndGlobalSection
	GlobalSection(ProjectConfigurationPlatforms) = postSolution
		{BCC4AD19-747B-47AF-8265-75F29509DE88}.Debug|Any CPU.ActiveCfg = Debug|Any CPU
		{BCC4AD19-747B-47AF-8265-75F29509DE88}.Debug|Any CPU.Build.0 = Debug|Any CPU
		{BCC4AD19-747B-47AF-8265-75F29509DE88}.Release|Any CPU.ActiveCfg = Release|Any CPU
		{BCC4AD19-747B-47AF-8265-75F29509DE88}.Release|Any CPU.Build.0 = Release|Any CPU
		{6286DFAF-A8E0-4DAE-93A8-0E75524A32E7}.Debug|Any CPU.ActiveCfg = Debug|Any CPU
		{6286DFAF-A8E0-4DAE-93A8-0E75524A32E7}.Debug|Any CPU.Build.0 = Debug|Any CPU
		{6286DFAF-A8E0-4DAE-93A8-0E75524A32E7}.Release|Any CPU.ActiveCfg = Release|Any CPU
		{6286DFAF-A8E0-4DAE-93A8-0E75524A32E7}.Release|Any CPU.Build.0 = Release|Any CPU
		{8B890A65-4436-449D-A9C8-F0FEFA0D8102}.Debug|Any CPU.ActiveCfg = Debug|Any CPU
		{8B890A65-4436-449D-A9C8-F0FEFA0D8102}.Debug|Any CPU.Build.0 = Debug|Any CPU
		{8B890A65-4436-449D-A9C8-F0FEFA0D8102}.Release|Any CPU.ActiveCfg = Release|Any CPU
		{8B890A65-4436-449D-A9C8-F0FEFA0D8102}.Release|Any CPU.Build.0 = Release|Any CPU
	EndGlobalSection
	GlobalSection(SolutionProperties) = preSolution
		HideSolutionNode = FALSE
	EndGlobalSection
	GlobalSection(ExtensibilityGlobals) = postSolution
		SolutionGuid = {BCED860A-0EDB-4B94-921B-D28863E5A1B6}
	EndGlobalSection
EndGlobal
